PODS:
  - Alamofire (4.7.0)
  - AWSCore (2.6.11)
  - AWSS3 (2.6.11):
    - AWSCore (= 2.6.11)
  - HooopModels (0.0.9):
    - Alamofire (= 4.7.0)
    - AWSS3 (= 2.6.11)

DEPENDENCIES:
  - Alamofire (= 4.7.0)
  - HooopModels

SPEC CHECKSUMS:
  Alamofire: 907e0a98eb68cdb7f9d1f541a563d6ac5dc77b25
  AWSCore: a461695bf302a32a366768bf36056be3a2c87d8d
  AWSS3: d13e29a4dbfecb7cd99b4ce833a9fe221dee8cba
  HooopModels: 443764852583ea313bb91fd59cdf0a1795e865d6

PODFILE CHECKSUM: b224057ca1ec591ad8748922a33e670fdf035411

COCOAPODS: 1.4.0
